
Microsoft Visual Studio Solution File, Format Version 12.00
# Visual Studio Version 17
VisualStudioVersion = 17.12.35514.174
MinimumVisualStudioVersion = 10.0.40219.1
Project("{FAE04EC0-301F-11D3-BF4B-00C04F79EFBC}") = "GeometriaModels", "GeometriaModels\GeometriaModels.csproj", "{6EC7A79B-391F-4F78-8705-FF11A32E84F1}"
EndProject
Project("{FAE04EC0-301F-11D3-BF4B-00C04F79EFBC}") = "GeometriaDesktop", "GeometriaDesktop\GeometriaDesktop.csproj", "{EB2A9F47-37BC-4764-823B-94C50C4B4527}"
EndProject
Global
	GlobalSection(SolutionConfigurationPlatforms) = preSolution
		Debug|Any CPU = Debug|Any CPU
		Release|Any CPU = Release|Any CPU
	EndGlobalSection
	GlobalSection(ProjectConfigurationPlatforms) = postSolution
		{6EC7A79B-391F-4F78-8705-FF11A32E84F1}.Debug|Any CPU.ActiveCfg = Debug|Any CPU
		{6EC7A79B-391F-4F78-8705-FF11A32E84F1}.Debug|Any CPU.Build.0 = Debug|Any CPU
		{6EC7A79B-391F-4F78-8705-FF11A32E84F1}.Release|Any CPU.ActiveCfg = Release|Any CPU
		{6EC7A79B-391F-4F78-8705-FF11A32E84F1}.Release|Any CPU.Build.0 = Release|Any CPU
		{EB2A9F47-37BC-4764-823B-94C50C4B4527}.Debug|Any CPU.ActiveCfg = Debug|Any CPU
		{EB2A9F47-37BC-4764-823B-94C50C4B4527}.Debug|Any CPU.Build.0 = Debug|Any CPU
		{EB2A9F47-37BC-4764-823B-94C50C4B4527}.Release|Any CPU.ActiveCfg = Release|Any CPU
		{EB2A9F47-37BC-4764-823B-94C50C4B4527}.Release|Any CPU.Build.0 = Release|Any CPU
	EndGlobalSection
	GlobalSection(SolutionProperties) = preSolution
		HideSolutionNode = FALSE
	EndGlobalSection
EndGlobal
